
Microsoft Visual Studio Solution File, Format Version 12.00
# Visual Studio Version 16
VisualStudioVersion = 16.0.31702.278
MinimumVisualStudioVersion = 10.0.40219.1
Project("{FAE04EC0-301F-11D3-BF4B-00C04F79EFBC}") = "WindowsFormsApp1", "WindowsFormsApp1.csproj", "{BC49317D-AB5D-42CD-889D-10A8244F813D}"
EndProject
Global
	GlobalSection(SolutionConfigurationPlatforms) = preSolution
		Debug|Any CPU = Debug|Any CPU
		Release|Any CPU = Release|Any CPU
	EndGlobalSection
	GlobalSection(ProjectConfigurationPlatforms) = postSolution
		{BC49317D-AB5D-42CD-889D-10A8244F813D}.Debug|Any CPU.ActiveCfg = Debug|Any CPU
		{BC49317D-AB5D-42CD-889D-10A8244F813D}.Debug|Any CPU.Build.0 = Debug|Any CPU
		{BC49317D-AB5D-42CD-889D-10A8244F813D}.Release|Any CPU.ActiveCfg = Release|Any CPU
		{BC49317D-AB5D-42CD-889D-10A8244F813D}.Release|Any CPU.Build.0 = Release|Any CPU
	EndGlobalSection
	GlobalSection(SolutionProperties) = preSolution
		HideSolutionNode = FALSE
	EndGlobalSection
	GlobalSection(ExtensibilityGlobals) = postSolution
		SolutionGuid = {A0E7F5A9-E86F-4C53-B12C-982462E781A7}
	EndGlobalSection
EndGlobal
